<Solution>
  <Project Path="Erp.Api/Erp.Api.csproj" />
  <Project Path="Erp.Application/Erp.Application.csproj" />
  <Project Path="Erp.Domain/Erp.Domain.csproj" />
  <Project Path="Erp.Infrastructure/Erp.Infrastructure.csproj" />
  <Project Path="Modules/Inventory/Domain/Erp.Modules.Inventory.Domain.csproj" />
  <Project Path="Modules/Inventory/Application/Erp.Modules.Inventory.Application.csproj" />
  <Project Path="Modules/Inventory/Infrastructure/Erp.Modules.Inventory.Infrastructure.csproj" />
  <Project Path="Modules/Inventory/Api/Erp.Modules.Inventory.Api.csproj" />
  <Project Path="Modules/Billing/Domain/Erp.Modules.Billing.Domain.csproj" />
  <Project Path="Modules/Billing/Application/Erp.Modules.Billing.Application.csproj" />
  <Project Path="Modules/Billing/Infrastructure/Erp.Modules.Billing.Infrastructure.csproj" />
  <Project Path="Modules/Billing/Api/Erp.Modules.Billing.Api.csproj" />
  <Project Path="Modules/Crm/Domain/Erp.Modules.Crm.Domain.csproj" />
  <Project Path="Modules/Crm/Application/Erp.Modules.Crm.Application.csproj" />
  <Project Path="Modules/Crm/Infrastructure/Erp.Modules.Crm.Infrastructure.csproj" />
  <Project Path="Modules/Crm/Api/Erp.Modules.Crm.Api.csproj" />
  <Project Path="Modules/Accounting/Domain/Erp.Modules.Accounting.Domain.csproj" />
  <Project Path="Modules/Accounting/Application/Erp.Modules.Accounting.Application.csproj" />
  <Project Path="Modules/Accounting/Infrastructure/Erp.Modules.Accounting.Infrastructure.csproj" />
  <Project Path="Modules/Accounting/Api/Erp.Modules.Accounting.Api.csproj" />
  <Project Path="Modules/Expenses/Domain/Erp.Modules.Expenses.Domain.csproj" />
  <Project Path="Modules/Expenses/Application/Erp.Modules.Expenses.Application.csproj" />
  <Project Path="Modules/Expenses/Infrastructure/Erp.Modules.Expenses.Infrastructure.csproj" />
  <Project Path="Modules/Expenses/Api/Erp.Modules.Expenses.Api.csproj" />
  <Project Path="Modules/Treasury/Domain/Erp.Modules.Treasury.Domain.csproj" />
  <Project Path="Modules/Treasury/Application/Erp.Modules.Treasury.Application.csproj" />
  <Project Path="Modules/Treasury/Infrastructure/Erp.Modules.Treasury.Infrastructure.csproj" />
  <Project Path="Modules/Treasury/Api/Erp.Modules.Treasury.Api.csproj" />
  <Project Path="Modules/Payroll/Domain/Erp.Modules.Payroll.Domain.csproj" />
  <Project Path="Modules/Payroll/Application/Erp.Modules.Payroll.Application.csproj" />
  <Project Path="Modules/Payroll/Infrastructure/Erp.Modules.Payroll.Infrastructure.csproj" />
  <Project Path="Modules/Payroll/Api/Erp.Modules.Payroll.Api.csproj" />
  <Project Path="Modules/Sales/Domain/Erp.Modules.Sales.Domain.csproj" />
  <Project Path="Modules/Sales/Application/Erp.Modules.Sales.Application.csproj" />
  <Project Path="Modules/Sales/Api/Erp.Modules.Sales.Api.csproj" />
  <Project Path="Modules/Sales/Infrastructure/Erp.Modules.Sales.Infrastructure.csproj" />
  <Project Path="Modules/Purchasing/Domain/Erp.Modules.Purchasing.Domain.csproj" />
  <Project Path="Modules/Purchasing/Application/Erp.Modules.Purchasing.Application.csproj" />
  <Project Path="Modules/Purchasing/Api/Erp.Modules.Purchasing.Api.csproj" />
  <Project Path="Modules/Purchasing/Infrastructure/Erp.Modules.Purchasing.Infrastructure.csproj" />
  <Project Path="tests/Erp.Tests/Erp.Tests.csproj" />
  <Project Path="tests/Erp.IntegrationTests/Erp.IntegrationTests.csproj" />
  <Project Path="tests/Erp.ArchitectureTests/Erp.ArchitectureTests.csproj" />
</Solution>
